
Microsoft Visual Studio Solution File, Format Version 12.00
# Visual Studio Version 16
VisualStudioVersion = 16.0.31624.102
MinimumVisualStudioVersion = 10.0.40219.1
Project("{FAE04EC0-301F-11D3-BF4B-00C04F79EFBC}") = "JokesWebApp", "JokesWebApp\JokesWebApp.csproj", "{35E1C0E9-F886-47A5-93DC-BE73C81FC492}"
EndProject
Global
	GlobalSection(SolutionConfigurationPlatforms) = preSolution
		Debug|Any CPU = Debug|Any CPU
		Release|Any CPU = Release|Any CPU
	EndGlobalSection
	GlobalSection(ProjectConfigurationPlatforms) = postSolution
		{35E1C0E9-F886-47A5-93DC-BE73C81FC492}.Debug|Any CPU.ActiveCfg = Debug|Any CPU
		{35E1C0E9-F886-47A5-93DC-BE73C81FC492}.Debug|Any CPU.Build.0 = Debug|Any CPU
		{35E1C0E9-F886-47A5-93DC-BE73C81FC492}.Release|Any CPU.ActiveCfg = Release|Any CPU
		{35E1C0E9-F886-47A5-93DC-BE73C81FC492}.Release|Any CPU.Build.0 = Release|Any CPU
	EndGlobalSection
	GlobalSection(SolutionProperties) = preSolution
		HideSolutionNode = FALSE
	EndGlobalSection
	GlobalSection(ExtensibilityGlobals) = postSolution
		SolutionGuid = {CFAC9224-8E57-4636-A80C-4D9A528C2754}
	EndGlobalSection
EndGlobal
